
Microsoft Visual Studio Solution File, Format Version 12.00
# Visual Studio 15
VisualStudioVersion = 15.0.26730.12
MinimumVisualStudioVersion = 10.0.40219.1
Project("{9A19103F-16F7-4668-BE54-9A1E7A4F7556}") = "ClientNoSqlDB", "ClientNoSqlDB\ClientNoSqlDB.csproj", "{FDAE74D5-A07B-4ADD-B6B8-89B663F0DFE7}"
EndProject
Project("{2150E333-8FDC-42A3-9474-1A3956D46DE8}") = "Samples", "Samples", "{5A21AB7D-7DBB-4DE8-B0B8-547E4BBCD9CD}"
EndProject
Project("{FAE04EC0-301F-11D3-BF4B-00C04F79EFBC}") = "ClientNoSql.Samples.Xamarin.Android", "ClientNoSql.Samples.Xamarin.Android\ClientNoSql.Samples.Xamarin.Android.csproj", "{7C288551-6558-4DED-8126-E2625070FFAA}"
EndProject
Project("{FAE04EC0-301F-11D3-BF4B-00C04F79EFBC}") = "ClientNoSqlDB.Samples.WPF", "ClientNoSqlDB.Samples.WPF\ClientNoSqlDB.Samples.WPF.csproj", "{84D763FD-701F-4BF5-9570-2B79D0E9F353}"
EndProject
Project("{FAE04EC0-301F-11D3-BF4B-00C04F79EFBC}") = "ClientNoSqlDB.Samples.NetCore", "ClientNoSqlDB.Samples.NetCore\ClientNoSqlDB.Samples.NetCore.csproj", "{3F6FF5A4-3C59-4632-8375-7AF35328F020}"
EndProject
Project("{FAE04EC0-301F-11D3-BF4B-00C04F79EFBC}") = "ClientNoSqlDB.XamarinForms.Android", "ClientNoSqlDB.XamarinForms\ClientNoSqlDB.XamarinForms.Android\ClientNoSqlDB.XamarinForms.Android.csproj", "{80F1B01D-5F97-41F6-A7F5-B2E972A82194}"
EndProject
Project("{FAE04EC0-301F-11D3-BF4B-00C04F79EFBC}") = "ClientNoSqlDB.XamarinForms", "ClientNoSqlDB.XamarinForms\ClientNoSqlDB.XamarinForms\ClientNoSqlDB.XamarinForms.csproj", "{56829385-2810-4E35-8683-6C42395450DC}"
EndProject
Project("{FAE04EC0-301F-11D3-BF4B-00C04F79EFBC}") = "ClientNoSqlDB.XamarinForms.iOS", "ClientNoSqlDB.XamarinForms\ClientNoSqlDB.XamarinForms.iOS\ClientNoSqlDB.XamarinForms.iOS.csproj", "{04249359-BB7A-43E1-AABE-297E18D336F1}"
EndProject
Project("{FAE04EC0-301F-11D3-BF4B-00C04F79EFBC}") = "ClientNoSQL.UnitTest", "ClientNoSQL.UnitTest\ClientNoSQL.UnitTest.csproj", "{38754068-12CF-4B0F-A68E-4476ED86A914}"
EndProject
Global
	GlobalSection(SolutionConfigurationPlatforms) = preSolution
		Ad-Hoc|Any CPU = Ad-Hoc|Any CPU
		Ad-Hoc|iPhone = Ad-Hoc|iPhone
		Ad-Hoc|iPhoneSimulator = Ad-Hoc|iPhoneSimulator
		AppStore|Any CPU = AppStore|Any CPU
		AppStore|iPhone = AppStore|iPhone
		AppStore|iPhoneSimulator = AppStore|iPhoneSimulator
		Debug|Any CPU = Debug|Any CPU
		Debug|iPhone = Debug|iPhone
		Debug|iPhoneSimulator = Debug|iPhoneSimulator
		Release|Any CPU = Release|Any CPU
		Release|iPhone = Release|iPhone
		Release|iPhoneSimulator = Release|iPhoneSimulator
	EndGlobalSection
	GlobalSection(ProjectConfigurationPlatforms) = postSolution
		{FDAE74D5-A07B-4ADD-B6B8-89B663F0DFE7}.Ad-Hoc|Any CPU.ActiveCfg = Release|Any CPU
		{FDAE74D5-A07B-4ADD-B6B8-89B663F0DFE7}.Ad-Hoc|Any CPU.Build.0 = Release|Any CPU
		{FDAE74D5-A07B-4ADD-B6B8-89B663F0DFE7}.Ad-Hoc|iPhone.ActiveCfg = Release|Any CPU
		{FDAE74D5-A07B-4ADD-B6B8-89B663F0DFE7}.Ad-Hoc|iPhone.Build.0 = Release|Any CPU
		{FDAE74D5-A07B-4ADD-B6B8-89B663F0DFE7}.Ad-Hoc|iPhoneSimulator.ActiveCfg = Release|Any CPU
		{FDAE74D5-A07B-4ADD-B6B8-89B663F0DFE7}.Ad-Hoc|iPhoneSimulator.Build.0 = Release|Any CPU
		{FDAE74D5-A07B-4ADD-B6B8-89B663F0DFE7}.AppStore|Any CPU.ActiveCfg = Release|Any CPU
		{FDAE74D5-A07B-4ADD-B6B8-89B663F0DFE7}.AppStore|Any CPU.Build.0 = Release|Any CPU
		{FDAE74D5-A07B-4ADD-B6B8-89B663F0DFE7}.AppStore|iPhone.ActiveCfg = Release|Any CPU
		{FDAE74D5-A07B-4ADD-B6B8-89B663F0DFE7}.AppStore|iPhone.Build.0 = Release|Any CPU
		{FDAE74D5-A07B-4ADD-B6B8-89B663F0DFE7}.AppStore|iPhoneSimulator.ActiveCfg = Release|Any CPU
		{FDAE74D5-A07B-4ADD-B6B8-89B663F0DFE7}.AppStore|iPhoneSimulator.Build.0 = Release|Any CPU
		{FDAE74D5-A07B-4ADD-B6B8-89B663F0DFE7}.Debug|Any CPU.ActiveCfg = Debug|Any CPU
		{FDAE74D5-A07B-4ADD-B6B8-89B663F0DFE7}.Debug|Any CPU.Build.0 = Debug|Any CPU
		{FDAE74D5-A07B-4ADD-B6B8-89B663F0DFE7}.Debug|iPhone.ActiveCfg = Debug|Any CPU
		{FDAE74D5-A07B-4ADD-B6B8-89B663F0DFE7}.Debug|iPhone.Build.0 = Debug|Any CPU
		{FDAE74D5-A07B-4ADD-B6B8-89B663F0DFE7}.Debug|iPhoneSimulator.ActiveCfg = Debug|Any CPU
		{FDAE74D5-A07B-4ADD-B6B8-89B663F0DFE7}.Debug|iPhoneSimulator.Build.0 = Debug|Any CPU
		{FDAE74D5-A07B-4ADD-B6B8-89B663F0DFE7}.Release|Any CPU.ActiveCfg = Release|Any CPU
		{FDAE74D5-A07B-4ADD-B6B8-89B663F0DFE7}.Release|Any CPU.Build.0 = Release|Any CPU
		{FDAE74D5-A07B-4ADD-B6B8-89B663F0DFE7}.Release|iPhone.ActiveCfg = Release|Any CPU
		{FDAE74D5-A07B-4ADD-B6B8-89B663F0DFE7}.Release|iPhone.Build.0 = Release|Any CPU
		{FDAE74D5-A07B-4ADD-B6B8-89B663F0DFE7}.Release|iPhoneSimulator.ActiveCfg = Release|Any CPU
		{FDAE74D5-A07B-4ADD-B6B8-89B663F0DFE7}.Release|iPhoneSimulator.Build.0 = Release|Any CPU
		{7C288551-6558-4DED-8126-E2625070FFAA}.Ad-Hoc|Any CPU.ActiveCfg = Release|Any CPU
		{7C288551-6558-4DED-8126-E2625070FFAA}.Ad-Hoc|Any CPU.Build.0 = Release|Any CPU
		{7C288551-6558-4DED-8126-E2625070FFAA}.Ad-Hoc|Any CPU.Deploy.0 = Release|Any CPU
		{7C288551-6558-4DED-8126-E2625070FFAA}.Ad-Hoc|iPhone.ActiveCfg = Release|Any CPU
		{7C288551-6558-4DED-8126-E2625070FFAA}.Ad-Hoc|iPhone.Build.0 = Release|Any CPU
		{7C288551-6558-4DED-8126-E2625070FFAA}.Ad-Hoc|iPhone.Deploy.0 = Release|Any CPU
		{7C288551-6558-4DED-8126-E2625070FFAA}.Ad-Hoc|iPhoneSimulator.ActiveCfg = Release|Any CPU
		{7C288551-6558-4DED-8126-E2625070FFAA}.Ad-Hoc|iPhoneSimulator.Build.0 = Release|Any CPU
		{7C288551-6558-4DED-8126-E2625070FFAA}.Ad-Hoc|iPhoneSimulator.Deploy.0 = Release|Any CPU
		{7C288551-6558-4DED-8126-E2625070FFAA}.AppStore|Any CPU.ActiveCfg = Release|Any CPU
		{7C288551-6558-4DED-8126-E2625070FFAA}.AppStore|Any CPU.Build.0 = Release|Any CPU
		{7C288551-6558-4DED-8126-E2625070FFAA}.AppStore|Any CPU.Deploy.0 = Release|Any CPU
		{7C288551-6558-4DED-8126-E2625070FFAA}.AppStore|iPhone.ActiveCfg = Release|Any CPU
		{7C288551-6558-4DED-8126-E2625070FFAA}.AppStore|iPhone.Build.0 = Release|Any CPU
		{7C288551-6558-4DED-8126-E2625070FFAA}.AppStore|iPhone.Deploy.0 = Release|Any CPU
		{7C288551-6558-4DED-8126-E2625070FFAA}.AppStore|iPhoneSimulator.ActiveCfg = Release|Any CPU
		{7C288551-6558-4DED-8126-E2625070FFAA}.AppStore|iPhoneSimulator.Build.0 = Release|Any CPU
		{7C288551-6558-4DED-8126-E2625070FFAA}.AppStore|iPhoneSimulator.Deploy.0 = Release|Any CPU
		{7C288551-6558-4DED-8126-E2625070FFAA}.Debug|Any CPU.ActiveCfg = Debug|Any CPU
		{7C288551-6558-4DED-8126-E2625070FFAA}.Debug|Any CPU.Build.0 = Debug|Any CPU
		{7C288551-6558-4DED-8126-E2625070FFAA}.Debug|Any CPU.Deploy.0 = Debug|Any CPU
		{7C288551-6558-4DED-8126-E2625070FFAA}.Debug|iPhone.ActiveCfg = Debug|Any CPU
		{7C288551-6558-4DED-8126-E2625070FFAA}.Debug|iPhone.Build.0 = Debug|Any CPU
		{7C288551-6558-4DED-8126-E2625070FFAA}.Debug|iPhone.Deploy.0 = Debug|Any CPU
		{7C288551-6558-4DED-8126-E2625070FFAA}.Debug|iPhoneSimulator.ActiveCfg = Debug|Any CPU
		{7C288551-6558-4DED-8126-E2625070FFAA}.Debug|iPhoneSimulator.Build.0 = Debug|Any CPU
		{7C288551-6558-4DED-8126-E2625070FFAA}.Debug|iPhoneSimulator.Deploy.0 = Debug|Any CPU
		{7C288551-6558-4DED-8126-E2625070FFAA}.Release|Any CPU.ActiveCfg = Release|Any CPU
		{7C288551-6558-4DED-8126-E2625070FFAA}.Release|Any CPU.Build.0 = Release|Any CPU
		{7C288551-6558-4DED-8126-E2625070FFAA}.Release|Any CPU.Deploy.0 = Release|Any CPU
		{7C288551-6558-4DED-8126-E2625070FFAA}.Release|iPhone.ActiveCfg = Release|Any CPU
		{7C288551-6558-4DED-8126-E2625070FFAA}.Release|iPhone.Build.0 = Release|Any CPU
		{7C288551-6558-4DED-8126-E2625070FFAA}.Release|iPhone.Deploy.0 = Release|Any CPU
		{7C288551-6558-4DED-8126-E2625070FFAA}.Release|iPhoneSimulator.ActiveCfg = Release|Any CPU
		{7C288551-6558-4DED-8126-E2625070FFAA}.Release|iPhoneSimulator.Build.0 = Release|Any CPU
		{7C288551-6558-4DED-8126-E2625070FFAA}.Release|iPhoneSimulator.Deploy.0 = Release|Any CPU
		{84D763FD-701F-4BF5-9570-2B79D0E9F353}.Ad-Hoc|Any CPU.ActiveCfg = Release|Any CPU
		{84D763FD-701F-4BF5-9570-2B79D0E9F353}.Ad-Hoc|Any CPU.Build.0 = Release|Any CPU
		{84D763FD-701F-4BF5-9570-2B79D0E9F353}.Ad-Hoc|iPhone.ActiveCfg = Release|Any CPU
		{84D763FD-701F-4BF5-9570-2B79D0E9F353}.Ad-Hoc|iPhone.Build.0 = Release|Any CPU
		{84D763FD-701F-4BF5-9570-2B79D0E9F353}.Ad-Hoc|iPhoneSimulator.ActiveCfg = Release|Any CPU
		{84D763FD-701F-4BF5-9570-2B79D0E9F353}.Ad-Hoc|iPhoneSimulator.Build.0 = Release|Any CPU
		{84D763FD-701F-4BF5-9570-2B79D0E9F353}.AppStore|Any CPU.ActiveCfg = Release|Any CPU
		{84D763FD-701F-4BF5-9570-2B79D0E9F353}.AppStore|Any CPU.Build.0 = Release|Any CPU
		{84D763FD-701F-4BF5-9570-2B79D0E9F353}.AppStore|iPhone.ActiveCfg = Release|Any CPU
		{84D763FD-701F-4BF5-9570-2B79D0E9F353}.AppStore|iPhone.Build.0 = Release|Any CPU
		{84D763FD-701F-4BF5-9570-2B79D0E9F353}.AppStore|iPhoneSimulator.ActiveCfg = Release|Any CPU
		{84D763FD-701F-4BF5-9570-2B79D0E9F353}.AppStore|iPhoneSimulator.Build.0 = Release|Any CPU
		{84D763FD-701F-4BF5-9570-2B79D0E9F353}.Debug|Any CPU.ActiveCfg = Debug|Any CPU
		{84D763FD-701F-4BF5-9570-2B79D0E9F353}.Debug|Any CPU.Build.0 = Debug|Any CPU
		{84D763FD-701F-4BF5-9570-2B79D0E9F353}.Debug|iPhone.ActiveCfg = Debug|Any CPU
		{84D763FD-701F-4BF5-9570-2B79D0E9F353}.Debug|iPhone.Build.0 = Debug|Any CPU
		{84D763FD-701F-4BF5-9570-2B79D0E9F353}.Debug|iPhoneSimulator.ActiveCfg = Debug|Any CPU
		{84D763FD-701F-4BF5-9570-2B79D0E9F353}.Debug|iPhoneSimulator.Build.0 = Debug|Any CPU
		{84D763FD-701F-4BF5-9570-2B79D0E9F353}.Release|Any CPU.ActiveCfg = Release|Any CPU
		{84D763FD-701F-4BF5-9570-2B79D0E9F353}.Release|Any CPU.Build.0 = Release|Any CPU
		{84D763FD-701F-4BF5-9570-2B79D0E9F353}.Release|iPhone.ActiveCfg = Release|Any CPU
		{84D763FD-701F-4BF5-9570-2B79D0E9F353}.Release|iPhone.Build.0 = Release|Any CPU
		{84D763FD-701F-4BF5-9570-2B79D0E9F353}.Release|iPhoneSimulator.ActiveCfg = Release|Any CPU
		{84D763FD-701F-4BF5-9570-2B79D0E9F353}.Release|iPhoneSimulator.Build.0 = Release|Any CPU
		{3F6FF5A4-3C59-4632-8375-7AF35328F020}.Ad-Hoc|Any CPU.ActiveCfg = Debug|Any CPU
		{3F6FF5A4-3C59-4632-8375-7AF35328F020}.Ad-Hoc|Any CPU.Build.0 = Debug|Any CPU
		{3F6FF5A4-3C59-4632-8375-7AF35328F020}.Ad-Hoc|iPhone.ActiveCfg = Debug|Any CPU
		{3F6FF5A4-3C59-4632-8375-7AF35328F020}.Ad-Hoc|iPhone.Build.0 = Debug|Any CPU
		{3F6FF5A4-3C59-4632-8375-7AF35328F020}.Ad-Hoc|iPhoneSimulator.ActiveCfg = Debug|Any CPU
		{3F6FF5A4-3C59-4632-8375-7AF35328F020}.Ad-Hoc|iPhoneSimulator.Build.0 = Debug|Any CPU
		{3F6FF5A4-3C59-4632-8375-7AF35328F020}.AppStore|Any CPU.ActiveCfg = Debug|Any CPU
		{3F6FF5A4-3C59-4632-8375-7AF35328F020}.AppStore|Any CPU.Build.0 = Debug|Any CPU
		{3F6FF5A4-3C59-4632-8375-7AF35328F020}.AppStore|iPhone.ActiveCfg = Debug|Any CPU
		{3F6FF5A4-3C59-4632-8375-7AF35328F020}.AppStore|iPhone.Build.0 = Debug|Any CPU
		{3F6FF5A4-3C59-4632-8375-7AF35328F020}.AppStore|iPhoneSimulator.ActiveCfg = Debug|Any CPU
		{3F6FF5A4-3C59-4632-8375-7AF35328F020}.AppStore|iPhoneSimulator.Build.0 = Debug|Any CPU
		{3F6FF5A4-3C59-4632-8375-7AF35328F020}.Debug|Any CPU.ActiveCfg = Debug|Any CPU
		{3F6FF5A4-3C59-4632-8375-7AF35328F020}.Debug|Any CPU.Build.0 = Debug|Any CPU
		{3F6FF5A4-3C59-4632-8375-7AF35328F020}.Debug|iPhone.ActiveCfg = Debug|Any CPU
		{3F6FF5A4-3C59-4632-8375-7AF35328F020}.Debug|iPhone.Build.0 = Debug|Any CPU
		{3F6FF5A4-3C59-4632-8375-7AF35328F020}.Debug|iPhoneSimulator.ActiveCfg = Debug|Any CPU
		{3F6FF5A4-3C59-4632-8375-7AF35328F020}.Debug|iPhoneSimulator.Build.0 = Debug|Any CPU
		{3F6FF5A4-3C59-4632-8375-7AF35328F020}.Release|Any CPU.ActiveCfg = Release|Any CPU
		{3F6FF5A4-3C59-4632-8375-7AF35328F020}.Release|Any CPU.Build.0 = Release|Any CPU
		{3F6FF5A4-3C59-4632-8375-7AF35328F020}.Release|iPhone.ActiveCfg = Release|Any CPU
		{3F6FF5A4-3C59-4632-8375-7AF35328F020}.Release|iPhone.Build.0 = Release|Any CPU
		{3F6FF5A4-3C59-4632-8375-7AF35328F020}.Release|iPhoneSimulator.ActiveCfg = Release|Any CPU
		{3F6FF5A4-3C59-4632-8375-7AF35328F020}.Release|iPhoneSimulator.Build.0 = Release|Any CPU
		{80F1B01D-5F97-41F6-A7F5-B2E972A82194}.Ad-Hoc|Any CPU.ActiveCfg = Release|Any CPU
		{80F1B01D-5F97-41F6-A7F5-B2E972A82194}.Ad-Hoc|Any CPU.Build.0 = Release|Any CPU
		{80F1B01D-5F97-41F6-A7F5-B2E972A82194}.Ad-Hoc|Any CPU.Deploy.0 = Release|Any CPU
		{80F1B01D-5F97-41F6-A7F5-B2E972A82194}.Ad-Hoc|iPhone.ActiveCfg = Release|Any CPU
		{80F1B01D-5F97-41F6-A7F5-B2E972A82194}.Ad-Hoc|iPhone.Build.0 = Release|Any CPU
		{80F1B01D-5F97-41F6-A7F5-B2E972A82194}.Ad-Hoc|iPhone.Deploy.0 = Release|Any CPU
		{80F1B01D-5F97-41F6-A7F5-B2E972A82194}.Ad-Hoc|iPhoneSimulator.ActiveCfg = Release|Any CPU
		{80F1B01D-5F97-41F6-A7F5-B2E972A82194}.Ad-Hoc|iPhoneSimulator.Build.0 = Release|Any CPU
		{80F1B01D-5F97-41F6-A7F5-B2E972A82194}.Ad-Hoc|iPhoneSimulator.Deploy.0 = Release|Any CPU
		{80F1B01D-5F97-41F6-A7F5-B2E972A82194}.AppStore|Any CPU.ActiveCfg = Release|Any CPU
		{80F1B01D-5F97-41F6-A7F5-B2E972A82194}.AppStore|Any CPU.Build.0 = Release|Any CPU
		{80F1B01D-5F97-41F6-A7F5-B2E972A82194}.AppStore|Any CPU.Deploy.0 = Release|Any CPU
		{80F1B01D-5F97-41F6-A7F5-B2E972A82194}.AppStore|iPhone.ActiveCfg = Release|Any CPU
		{80F1B01D-5F97-41F6-A7F5-B2E972A82194}.AppStore|iPhone.Build.0 = Release|Any CPU
		{80F1B01D-5F97-41F6-A7F5-B2E972A82194}.AppStore|iPhone.Deploy.0 = Release|Any CPU
		{80F1B01D-5F97-41F6-A7F5-B2E972A82194}.AppStore|iPhoneSimulator.ActiveCfg = Release|Any CPU
		{80F1B01D-5F97-41F6-A7F5-B2E972A82194}.AppStore|iPhoneSimulator.Build.0 = Release|Any CPU
		{80F1B01D-5F97-41F6-A7F5-B2E972A82194}.AppStore|iPhoneSimulator.Deploy.0 = Release|Any CPU
		{80F1B01D-5F97-41F6-A7F5-B2E972A82194}.Debug|Any CPU.ActiveCfg = Debug|Any CPU
		{80F1B01D-5F97-41F6-A7F5-B2E972A82194}.Debug|Any CPU.Build.0 = Debug|Any CPU
		{80F1B01D-5F97-41F6-A7F5-B2E972A82194}.Debug|Any CPU.Deploy.0 = Debug|Any CPU
		{80F1B01D-5F97-41F6-A7F5-B2E972A82194}.Debug|iPhone.ActiveCfg = Debug|Any CPU
		{80F1B01D-5F97-41F6-A7F5-B2E972A82194}.Debug|iPhone.Build.0 = Debug|Any CPU
		{80F1B01D-5F97-41F6-A7F5-B2E972A82194}.Debug|iPhone.Deploy.0 = Debug|Any CPU
		{80F1B01D-5F97-41F6-A7F5-B2E972A82194}.Debug|iPhoneSimulator.ActiveCfg = Debug|Any CPU
		{80F1B01D-5F97-41F6-A7F5-B2E972A82194}.Debug|iPhoneSimulator.Build.0 = Debug|Any CPU
		{80F1B01D-5F97-41F6-A7F5-B2E972A82194}.Debug|iPhoneSimulator.Deploy.0 = Debug|Any CPU
		{80F1B01D-5F97-41F6-A7F5-B2E972A82194}.Release|Any CPU.ActiveCfg = Release|Any CPU
		{80F1B01D-5F97-41F6-A7F5-B2E972A82194}.Release|Any CPU.Build.0 = Release|Any CPU
		{80F1B01D-5F97-41F6-A7F5-B2E972A82194}.Release|Any CPU.Deploy.0 = Release|Any CPU
		{80F1B01D-5F97-41F6-A7F5-B2E972A82194}.Release|iPhone.ActiveCfg = Release|Any CPU
		{80F1B01D-5F97-41F6-A7F5-B2E972A82194}.Release|iPhone.Build.0 = Release|Any CPU
		{80F1B01D-5F97-41F6-A7F5-B2E972A82194}.Release|iPhone.Deploy.0 = Release|Any CPU
		{80F1B01D-5F97-41F6-A7F5-B2E972A82194}.Release|iPhoneSimulator.ActiveCfg = Release|Any CPU
		{80F1B01D-5F97-41F6-A7F5-B2E972A82194}.Release|iPhoneSimulator.Build.0 = Release|Any CPU
		{80F1B01D-5F97-41F6-A7F5-B2E972A82194}.Release|iPhoneSimulator.Deploy.0 = Release|Any CPU
		{56829385-2810-4E35-8683-6C42395450DC}.Ad-Hoc|Any CPU.ActiveCfg = Release|Any CPU
		{56829385-2810-4E35-8683-6C42395450DC}.Ad-Hoc|Any CPU.Build.0 = Release|Any CPU
		{56829385-2810-4E35-8683-6C42395450DC}.Ad-Hoc|iPhone.ActiveCfg = Release|Any CPU
		{56829385-2810-4E35-8683-6C42395450DC}.Ad-Hoc|iPhone.Build.0 = Release|Any CPU
		{56829385-2810-4E35-8683-6C42395450DC}.Ad-Hoc|iPhoneSimulator.ActiveCfg = Release|Any CPU
		{56829385-2810-4E35-8683-6C42395450DC}.Ad-Hoc|iPhoneSimulator.Build.0 = Release|Any CPU
		{56829385-2810-4E35-8683-6C42395450DC}.AppStore|Any CPU.ActiveCfg = Release|Any CPU
		{56829385-2810-4E35-8683-6C42395450DC}.AppStore|Any CPU.Build.0 = Release|Any CPU
		{56829385-2810-4E35-8683-6C42395450DC}.AppStore|iPhone.ActiveCfg = Release|Any CPU
		{56829385-2810-4E35-8683-6C42395450DC}.AppStore|iPhone.Build.0 = Release|Any CPU
		{56829385-2810-4E35-8683-6C42395450DC}.AppStore|iPhoneSimulator.ActiveCfg = Release|Any CPU
		{56829385-2810-4E35-8683-6C42395450DC}.AppStore|iPhoneSimulator.Build.0 = Release|Any CPU
		{56829385-2810-4E35-8683-6C42395450DC}.Debug|Any CPU.ActiveCfg = Debug|Any CPU
		{56829385-2810-4E35-8683-6C42395450DC}.Debug|Any CPU.Build.0 = Debug|Any CPU
		{56829385-2810-4E35-8683-6C42395450DC}.Debug|iPhone.ActiveCfg = Debug|Any CPU
		{56829385-2810-4E35-8683-6C42395450DC}.Debug|iPhone.Build.0 = Debug|Any CPU
		{56829385-2810-4E35-8683-6C42395450DC}.Debug|iPhoneSimulator.ActiveCfg = Debug|Any CPU
		{56829385-2810-4E35-8683-6C42395450DC}.Debug|iPhoneSimulator.Build.0 = Debug|Any CPU
		{56829385-2810-4E35-8683-6C42395450DC}.Release|Any CPU.ActiveCfg = Release|Any CPU
		{56829385-2810-4E35-8683-6C42395450DC}.Release|Any CPU.Build.0 = Release|Any CPU
		{56829385-2810-4E35-8683-6C42395450DC}.Release|iPhone.ActiveCfg = Release|Any CPU
		{56829385-2810-4E35-8683-6C42395450DC}.Release|iPhone.Build.0 = Release|Any CPU
		{56829385-2810-4E35-8683-6C42395450DC}.Release|iPhoneSimulator.ActiveCfg = Release|Any CPU
		{56829385-2810-4E35-8683-6C42395450DC}.Release|iPhoneSimulator.Build.0 = Release|Any CPU
		{04249359-BB7A-43E1-AABE-297E18D336F1}.Ad-Hoc|Any CPU.ActiveCfg = Ad-Hoc|iPhone
		{04249359-BB7A-43E1-AABE-297E18D336F1}.Ad-Hoc|iPhone.ActiveCfg = Ad-Hoc|iPhone
		{04249359-BB7A-43E1-AABE-297E18D336F1}.Ad-Hoc|iPhone.Build.0 = Ad-Hoc|iPhone
		{04249359-BB7A-43E1-AABE-297E18D336F1}.Ad-Hoc|iPhoneSimulator.ActiveCfg = Ad-Hoc|iPhoneSimulator
		{04249359-BB7A-43E1-AABE-297E18D336F1}.Ad-Hoc|iPhoneSimulator.Build.0 = Ad-Hoc|iPhoneSimulator
		{04249359-BB7A-43E1-AABE-297E18D336F1}.AppStore|Any CPU.ActiveCfg = AppStore|iPhone
		{04249359-BB7A-43E1-AABE-297E18D336F1}.AppStore|iPhone.ActiveCfg = AppStore|iPhone
		{04249359-BB7A-43E1-AABE-297E18D336F1}.AppStore|iPhone.Build.0 = AppStore|iPhone
		{04249359-BB7A-43E1-AABE-297E18D336F1}.AppStore|iPhoneSimulator.ActiveCfg = AppStore|iPhoneSimulator
		{04249359-BB7A-43E1-AABE-297E18D336F1}.AppStore|iPhoneSimulator.Build.0 = AppStore|iPhoneSimulator
		{04249359-BB7A-43E1-AABE-297E18D336F1}.Debug|Any CPU.ActiveCfg = Debug|iPhone
		{04249359-BB7A-43E1-AABE-297E18D336F1}.Debug|iPhone.ActiveCfg = Debug|iPhone
		{04249359-BB7A-43E1-AABE-297E18D336F1}.Debug|iPhone.Build.0 = Debug|iPhone
		{04249359-BB7A-43E1-AABE-297E18D336F1}.Debug|iPhoneSimulator.ActiveCfg = Debug|iPhoneSimulator
		{04249359-BB7A-43E1-AABE-297E18D336F1}.Debug|iPhoneSimulator.Build.0 = Debug|iPhoneSimulator
		{04249359-BB7A-43E1-AABE-297E18D336F1}.Release|Any CPU.ActiveCfg = Release|iPhone
		{04249359-BB7A-43E1-AABE-297E18D336F1}.Release|iPhone.ActiveCfg = Release|iPhone
		{04249359-BB7A-43E1-AABE-297E18D336F1}.Release|iPhone.Build.0 = Release|iPhone
		{04249359-BB7A-43E1-AABE-297E18D336F1}.Release|iPhoneSimulator.ActiveCfg = Release|iPhoneSimulator
		{04249359-BB7A-43E1-AABE-297E18D336F1}.Release|iPhoneSimulator.Build.0 = Release|iPhoneSimulator
		{38754068-12CF-4B0F-A68E-4476ED86A914}.Ad-Hoc|Any CPU.ActiveCfg = Release|Any CPU
		{38754068-12CF-4B0F-A68E-4476ED86A914}.Ad-Hoc|Any CPU.Build.0 = Release|Any CPU
		{38754068-12CF-4B0F-A68E-4476ED86A914}.Ad-Hoc|iPhone.ActiveCfg = Release|Any CPU
		{38754068-12CF-4B0F-A68E-4476ED86A914}.Ad-Hoc|iPhone.Build.0 = Release|Any CPU
		{38754068-12CF-4B0F-A68E-4476ED86A914}.Ad-Hoc|iPhoneSimulator.ActiveCfg = Release|Any CPU
		{38754068-12CF-4B0F-A68E-4476ED86A914}.Ad-Hoc|iPhoneSimulator.Build.0 = Release|Any CPU
		{38754068-12CF-4B0F-A68E-4476ED86A914}.AppStore|Any CPU.ActiveCfg = Release|Any CPU
		{38754068-12CF-4B0F-A68E-4476ED86A914}.AppStore|Any CPU.Build.0 = Release|Any CPU
		{38754068-12CF-4B0F-A68E-4476ED86A914}.AppStore|iPhone.ActiveCfg = Release|Any CPU
		{38754068-12CF-4B0F-A68E-4476ED86A914}.AppStore|iPhone.Build.0 = Release|Any CPU
		{38754068-12CF-4B0F-A68E-4476ED86A914}.AppStore|iPhoneSimulator.ActiveCfg = Release|Any CPU
		{38754068-12CF-4B0F-A68E-4476ED86A914}.AppStore|iPhoneSimulator.Build.0 = Release|Any CPU
		{38754068-12CF-4B0F-A68E-4476ED86A914}.Debug|Any CPU.ActiveCfg = Debug|Any CPU
		{38754068-12CF-4B0F-A68E-4476ED86A914}.Debug|Any CPU.Build.0 = Debug|Any CPU
		{38754068-12CF-4B0F-A68E-4476ED86A914}.Debug|iPhone.ActiveCfg = Debug|Any CPU
		{38754068-12CF-4B0F-A68E-4476ED86A914}.Debug|iPhone.Build.0 = Debug|Any CPU
		{38754068-12CF-4B0F-A68E-4476ED86A914}.Debug|iPhoneSimulator.ActiveCfg = Debug|Any CPU
		{38754068-12CF-4B0F-A68E-4476ED86A914}.Debug|iPhoneSimulator.Build.0 = Debug|Any CPU
		{38754068-12CF-4B0F-A68E-4476ED86A914}.Release|Any CPU.ActiveCfg = Release|Any CPU
		{38754068-12CF-4B0F-A68E-4476ED86A914}.Release|Any CPU.Build.0 = Release|Any CPU
		{38754068-12CF-4B0F-A68E-4476ED86A914}.Release|iPhone.ActiveCfg = Release|Any CPU
		{38754068-12CF-4B0F-A68E-4476ED86A914}.Release|iPhone.Build.0 = Release|Any CPU
		{38754068-12CF-4B0F-A68E-4476ED86A914}.Release|iPhoneSimulator.ActiveCfg = Release|Any CPU
		{38754068-12CF-4B0F-A68E-4476ED86A914}.Release|iPhoneSimulator.Build.0 = Release|Any CPU
	EndGlobalSection
	GlobalSection(SolutionProperties) = preSolution
		HideSolutionNode = FALSE
	EndGlobalSection
	GlobalSection(NestedProjects) = preSolution
		{7C288551-6558-4DED-8126-E2625070FFAA} = {5A21AB7D-7DBB-4DE8-B0B8-547E4BBCD9CD}
		{84D763FD-701F-4BF5-9570-2B79D0E9F353} = {5A21AB7D-7DBB-4DE8-B0B8-547E4BBCD9CD}
		{3F6FF5A4-3C59-4632-8375-7AF35328F020} = {5A21AB7D-7DBB-4DE8-B0B8-547E4BBCD9CD}
		{80F1B01D-5F97-41F6-A7F5-B2E972A82194} = {5A21AB7D-7DBB-4DE8-B0B8-547E4BBCD9CD}
		{56829385-2810-4E35-8683-6C42395450DC} = {5A21AB7D-7DBB-4DE8-B0B8-547E4BBCD9CD}
		{04249359-BB7A-43E1-AABE-297E18D336F1} = {5A21AB7D-7DBB-4DE8-B0B8-547E4BBCD9CD}
	EndGlobalSection
	GlobalSection(ExtensibilityGlobals) = postSolution
		SolutionGuid = {8F31E24A-B1AE-4D80-A102-6225523AE370}
	EndGlobalSection
EndGlobal
